
Microsoft Visual Studio Solution File, Format Version 12.00
# Visual Studio Version 17
VisualStudioVersion = 17.4.33122.133
MinimumVisualStudioVersion = 10.0.40219.1
Project("{FAE04EC0-301F-11D3-BF4B-00C04F79EFBC}") = "SRPViolationApp", "SRPViolationApp\SRPViolationApp.csproj", "{80C4D577-6BC8-42EA-87BC-41D93E6D87B6}"
EndProject
Project("{FAE04EC0-301F-11D3-BF4B-00C04F79EFBC}") = "SRPRefactoredApp", "SRPRefactoredApp\SRPRefactoredApp.csproj", "{2886C909-FD3F-4B25-A106-DC3DD0E1F0D1}"
EndProject
Global
	GlobalSection(SolutionConfigurationPlatforms) = preSolution
		Debug|Any CPU = Debug|Any CPU
		Release|Any CPU = Release|Any CPU
	EndGlobalSection
	GlobalSection(ProjectConfigurationPlatforms) = postSolution
		{80C4D577-6BC8-42EA-87BC-41D93E6D87B6}.Debug|Any CPU.ActiveCfg = Debug|Any CPU
		{80C4D577-6BC8-42EA-87BC-41D93E6D87B6}.Debug|Any CPU.Build.0 = Debug|Any CPU
		{80C4D577-6BC8-42EA-87BC-41D93E6D87B6}.Release|Any CPU.ActiveCfg = Release|Any CPU
		{80C4D577-6BC8-42EA-87BC-41D93E6D87B6}.Release|Any CPU.Build.0 = Release|Any CPU
		{2886C909-FD3F-4B25-A106-DC3DD0E1F0D1}.Debug|Any CPU.ActiveCfg = Debug|Any CPU
		{2886C909-FD3F-4B25-A106-DC3DD0E1F0D1}.Debug|Any CPU.Build.0 = Debug|Any CPU
		{2886C909-FD3F-4B25-A106-DC3DD0E1F0D1}.Release|Any CPU.ActiveCfg = Release|Any CPU
		{2886C909-FD3F-4B25-A106-DC3DD0E1F0D1}.Release|Any CPU.Build.0 = Release|Any CPU
	EndGlobalSection
	GlobalSection(SolutionProperties) = preSolution
		HideSolutionNode = FALSE
	EndGlobalSection
	GlobalSection(ExtensibilityGlobals) = postSolution
		SolutionGuid = {8E5D87B9-BDA1-46F9-84ED-5B148A883FE7}
	EndGlobalSection
EndGlobal
